
Microsoft Visual Studio Solution File, Format Version 12.00
# Visual Studio Version 17
VisualStudioVersion = 17.6.33723.286
MinimumVisualStudioVersion = 10.0.40219.1
Project("{FAE04EC0-301F-11D3-BF4B-00C04F79EFBC}") = "BTH 7 ASP MVC", "BTH 7 ASP MVC\BTH 7 ASP MVC.csproj", "{8C6C11EF-5D44-4A02-A2EB-3E5C58DC5BBE}"
EndProject
Global
	GlobalSection(SolutionConfigurationPlatforms) = preSolution
		Debug|Any CPU = Debug|Any CPU
		Release|Any CPU = Release|Any CPU
	EndGlobalSection
	GlobalSection(ProjectConfigurationPlatforms) = postSolution
		{8C6C11EF-5D44-4A02-A2EB-3E5C58DC5BBE}.Debug|Any CPU.ActiveCfg = Debug|Any CPU
		{8C6C11EF-5D44-4A02-A2EB-3E5C58DC5BBE}.Debug|Any CPU.Build.0 = Debug|Any CPU
		{8C6C11EF-5D44-4A02-A2EB-3E5C58DC5BBE}.Release|Any CPU.ActiveCfg = Release|Any CPU
		{8C6C11EF-5D44-4A02-A2EB-3E5C58DC5BBE}.Release|Any CPU.Build.0 = Release|Any CPU
	EndGlobalSection
	GlobalSection(SolutionProperties) = preSolution
		HideSolutionNode = FALSE
	EndGlobalSection
	GlobalSection(ExtensibilityGlobals) = postSolution
		SolutionGuid = {582FA4AE-3B16-4DA9-80CF-76697567430C}
	EndGlobalSection
EndGlobal
