
Microsoft Visual Studio Solution File, Format Version 12.00
# Visual Studio Version 17
VisualStudioVersion = 17.6.33723.286
MinimumVisualStudioVersion = 10.0.40219.1
Project("{FAE04EC0-301F-11D3-BF4B-00C04F79EFBC}") = "Bai 7.2 ASP MVC", "Bai 7.2 ASP MVC\Bai 7.2 ASP MVC.csproj", "{6BA1439D-E65F-482F-8D4C-E8D853ABF87C}"
EndProject
Global
	GlobalSection(SolutionConfigurationPlatforms) = preSolution
		Debug|Any CPU = Debug|Any CPU
		Release|Any CPU = Release|Any CPU
	EndGlobalSection
	GlobalSection(ProjectConfigurationPlatforms) = postSolution
		{6BA1439D-E65F-482F-8D4C-E8D853ABF87C}.Debug|Any CPU.ActiveCfg = Debug|Any CPU
		{6BA1439D-E65F-482F-8D4C-E8D853ABF87C}.Debug|Any CPU.Build.0 = Debug|Any CPU
		{6BA1439D-E65F-482F-8D4C-E8D853ABF87C}.Release|Any CPU.ActiveCfg = Release|Any CPU
		{6BA1439D-E65F-482F-8D4C-E8D853ABF87C}.Release|Any CPU.Build.0 = Release|Any CPU
	EndGlobalSection
	GlobalSection(SolutionProperties) = preSolution
		HideSolutionNode = FALSE
	EndGlobalSection
	GlobalSection(ExtensibilityGlobals) = postSolution
		SolutionGuid = {8281908C-F2C5-4365-9C8B-5A57DB4C5D4A}
	EndGlobalSection
EndGlobal
