
Microsoft Visual Studio Solution File, Format Version 12.00
# Visual Studio Version 17
VisualStudioVersion = 17.6.33723.286
MinimumVisualStudioVersion = 10.0.40219.1
Project("{FAE04EC0-301F-11D3-BF4B-00C04F79EFBC}") = "BaiTH 6 ASP MVC Razor", "BaiTH 6 ASP MVC Razor\BaiTH 6 ASP MVC Razor.csproj", "{0FEDA4A4-BC88-47BB-9F99-E58918E49B8C}"
EndProject
Global
	GlobalSection(SolutionConfigurationPlatforms) = preSolution
		Debug|Any CPU = Debug|Any CPU
		Release|Any CPU = Release|Any CPU
	EndGlobalSection
	GlobalSection(ProjectConfigurationPlatforms) = postSolution
		{0FEDA4A4-BC88-47BB-9F99-E58918E49B8C}.Debug|Any CPU.ActiveCfg = Debug|Any CPU
		{0FEDA4A4-BC88-47BB-9F99-E58918E49B8C}.Debug|Any CPU.Build.0 = Debug|Any CPU
		{0FEDA4A4-BC88-47BB-9F99-E58918E49B8C}.Release|Any CPU.ActiveCfg = Release|Any CPU
		{0FEDA4A4-BC88-47BB-9F99-E58918E49B8C}.Release|Any CPU.Build.0 = Release|Any CPU
	EndGlobalSection
	GlobalSection(SolutionProperties) = preSolution
		HideSolutionNode = FALSE
	EndGlobalSection
	GlobalSection(ExtensibilityGlobals) = postSolution
		SolutionGuid = {42218D1E-2F60-4E1D-9D90-5ABE4E28C50A}
	EndGlobalSection
EndGlobal
