
Microsoft Visual Studio Solution File, Format Version 12.00
# Visual Studio Version 17
VisualStudioVersion = 17.7.34009.444
MinimumVisualStudioVersion = 10.0.40219.1
Project("{FAE04EC0-301F-11D3-BF4B-00C04F79EFBC}") = "Bai 14.1", "Bai 14.1\Bai 14.1.csproj", "{719C2022-E6ED-476D-850E-6716E780418F}"
EndProject
Global
	GlobalSection(SolutionConfigurationPlatforms) = preSolution
		Debug|Any CPU = Debug|Any CPU
		Release|Any CPU = Release|Any CPU
	EndGlobalSection
	GlobalSection(ProjectConfigurationPlatforms) = postSolution
		{719C2022-E6ED-476D-850E-6716E780418F}.Debug|Any CPU.ActiveCfg = Debug|Any CPU
		{719C2022-E6ED-476D-850E-6716E780418F}.Debug|Any CPU.Build.0 = Debug|Any CPU
		{719C2022-E6ED-476D-850E-6716E780418F}.Release|Any CPU.ActiveCfg = Release|Any CPU
		{719C2022-E6ED-476D-850E-6716E780418F}.Release|Any CPU.Build.0 = Release|Any CPU
	EndGlobalSection
	GlobalSection(SolutionProperties) = preSolution
		HideSolutionNode = FALSE
	EndGlobalSection
	GlobalSection(ExtensibilityGlobals) = postSolution
		SolutionGuid = {35E22962-625A-4819-987F-8FD72741F923}
	EndGlobalSection
EndGlobal
