
Microsoft Visual Studio Solution File, Format Version 12.00
# Visual Studio Version 17
VisualStudioVersion = 17.6.33829.357
MinimumVisualStudioVersion = 10.0.40219.1
Project("{FAE04EC0-301F-11D3-BF4B-00C04F79EFBC}") = "BaiTH11", "BaiTH11\BaiTH11.csproj", "{8439705F-F749-4C88-94AA-B95D0C2FAF1B}"
EndProject
Global
	GlobalSection(SolutionConfigurationPlatforms) = preSolution
		Debug|Any CPU = Debug|Any CPU
		Release|Any CPU = Release|Any CPU
	EndGlobalSection
	GlobalSection(ProjectConfigurationPlatforms) = postSolution
		{8439705F-F749-4C88-94AA-B95D0C2FAF1B}.Debug|Any CPU.ActiveCfg = Debug|Any CPU
		{8439705F-F749-4C88-94AA-B95D0C2FAF1B}.Debug|Any CPU.Build.0 = Debug|Any CPU
		{8439705F-F749-4C88-94AA-B95D0C2FAF1B}.Release|Any CPU.ActiveCfg = Release|Any CPU
		{8439705F-F749-4C88-94AA-B95D0C2FAF1B}.Release|Any CPU.Build.0 = Release|Any CPU
	EndGlobalSection
	GlobalSection(SolutionProperties) = preSolution
		HideSolutionNode = FALSE
	EndGlobalSection
	GlobalSection(ExtensibilityGlobals) = postSolution
		SolutionGuid = {D80AA6DB-21E6-4155-9CBE-AD6CAD11942C}
	EndGlobalSection
EndGlobal
