
Microsoft Visual Studio Solution File, Format Version 12.00
# Visual Studio Version 17
VisualStudioVersion = 17.6.33723.286
MinimumVisualStudioVersion = 10.0.40219.1
Project("{FAE04EC0-301F-11D3-BF4B-00C04F79EFBC}") = "Bai 5.1 ASP MVC", "Bai 5.1 ASP MVC\Bai 5.1 ASP MVC.csproj", "{F96CEA92-827B-4B32-AC46-977062F306BD}"
EndProject
Global
	GlobalSection(SolutionConfigurationPlatforms) = preSolution
		Debug|Any CPU = Debug|Any CPU
		Release|Any CPU = Release|Any CPU
	EndGlobalSection
	GlobalSection(ProjectConfigurationPlatforms) = postSolution
		{F96CEA92-827B-4B32-AC46-977062F306BD}.Debug|Any CPU.ActiveCfg = Debug|Any CPU
		{F96CEA92-827B-4B32-AC46-977062F306BD}.Debug|Any CPU.Build.0 = Debug|Any CPU
		{F96CEA92-827B-4B32-AC46-977062F306BD}.Release|Any CPU.ActiveCfg = Release|Any CPU
		{F96CEA92-827B-4B32-AC46-977062F306BD}.Release|Any CPU.Build.0 = Release|Any CPU
	EndGlobalSection
	GlobalSection(SolutionProperties) = preSolution
		HideSolutionNode = FALSE
	EndGlobalSection
	GlobalSection(ExtensibilityGlobals) = postSolution
		SolutionGuid = {FC7272D3-B065-447A-94C5-D6BEAFDDE601}
	EndGlobalSection
EndGlobal
