
Microsoft Visual Studio Solution File, Format Version 12.00
# Visual Studio Version 17
VisualStudioVersion = 17.5.33627.172
MinimumVisualStudioVersion = 10.0.40219.1
Project("{FAE04EC0-301F-11D3-BF4B-00C04F79EFBC}") = "FoodShop", "FoodShop\FoodShop.csproj", "{81F51AE3-5B1E-459F-A159-1BCC3E602E38}"
EndProject
Global
	GlobalSection(SolutionConfigurationPlatforms) = preSolution
		Debug|Any CPU = Debug|Any CPU
		Release|Any CPU = Release|Any CPU
	EndGlobalSection
	GlobalSection(ProjectConfigurationPlatforms) = postSolution
		{81F51AE3-5B1E-459F-A159-1BCC3E602E38}.Debug|Any CPU.ActiveCfg = Debug|Any CPU
		{81F51AE3-5B1E-459F-A159-1BCC3E602E38}.Debug|Any CPU.Build.0 = Debug|Any CPU
		{81F51AE3-5B1E-459F-A159-1BCC3E602E38}.Release|Any CPU.ActiveCfg = Release|Any CPU
		{81F51AE3-5B1E-459F-A159-1BCC3E602E38}.Release|Any CPU.Build.0 = Release|Any CPU
	EndGlobalSection
	GlobalSection(SolutionProperties) = preSolution
		HideSolutionNode = FALSE
	EndGlobalSection
	GlobalSection(ExtensibilityGlobals) = postSolution
		SolutionGuid = {0A15C483-87CE-4579-8174-22686492D865}
	EndGlobalSection
EndGlobal
