
Microsoft Visual Studio Solution File, Format Version 12.00
# Visual Studio Version 17
VisualStudioVersion = 17.6.33723.286
MinimumVisualStudioVersion = 10.0.40219.1
Project("{FAE04EC0-301F-11D3-BF4B-00C04F79EFBC}") = "Bai3.1_ASP_MVC", "Bai3.1_ASP_MVC\Bai3.1_ASP_MVC.csproj", "{5CC0D0A1-1EDA-4694-9FEE-90A9FEA94013}"
EndProject
Global
	GlobalSection(SolutionConfigurationPlatforms) = preSolution
		Debug|Any CPU = Debug|Any CPU
		Release|Any CPU = Release|Any CPU
	EndGlobalSection
	GlobalSection(ProjectConfigurationPlatforms) = postSolution
		{5CC0D0A1-1EDA-4694-9FEE-90A9FEA94013}.Debug|Any CPU.ActiveCfg = Debug|Any CPU
		{5CC0D0A1-1EDA-4694-9FEE-90A9FEA94013}.Debug|Any CPU.Build.0 = Debug|Any CPU
		{5CC0D0A1-1EDA-4694-9FEE-90A9FEA94013}.Release|Any CPU.ActiveCfg = Release|Any CPU
		{5CC0D0A1-1EDA-4694-9FEE-90A9FEA94013}.Release|Any CPU.Build.0 = Release|Any CPU
	EndGlobalSection
	GlobalSection(SolutionProperties) = preSolution
		HideSolutionNode = FALSE
	EndGlobalSection
	GlobalSection(ExtensibilityGlobals) = postSolution
		SolutionGuid = {CF2FD835-093D-4F88-942A-A6887C8A12A9}
	EndGlobalSection
EndGlobal
