
Microsoft Visual Studio Solution File, Format Version 12.00
# Visual Studio Version 17
VisualStudioVersion = 17.6.33723.286
MinimumVisualStudioVersion = 10.0.40219.1
Project("{FAE04EC0-301F-11D3-BF4B-00C04F79EFBC}") = "Bai 4.3 ASP MVC", "Bai 4.3 ASP MVC\Bai 4.3 ASP MVC.csproj", "{20CF9AA0-1660-4C53-9B6E-06D25E294B25}"
EndProject
Global
	GlobalSection(SolutionConfigurationPlatforms) = preSolution
		Debug|Any CPU = Debug|Any CPU
		Release|Any CPU = Release|Any CPU
	EndGlobalSection
	GlobalSection(ProjectConfigurationPlatforms) = postSolution
		{20CF9AA0-1660-4C53-9B6E-06D25E294B25}.Debug|Any CPU.ActiveCfg = Debug|Any CPU
		{20CF9AA0-1660-4C53-9B6E-06D25E294B25}.Debug|Any CPU.Build.0 = Debug|Any CPU
		{20CF9AA0-1660-4C53-9B6E-06D25E294B25}.Release|Any CPU.ActiveCfg = Release|Any CPU
		{20CF9AA0-1660-4C53-9B6E-06D25E294B25}.Release|Any CPU.Build.0 = Release|Any CPU
	EndGlobalSection
	GlobalSection(SolutionProperties) = preSolution
		HideSolutionNode = FALSE
	EndGlobalSection
	GlobalSection(ExtensibilityGlobals) = postSolution
		SolutionGuid = {20998AB1-C312-41C3-8BFE-A7F44E615B15}
	EndGlobalSection
EndGlobal
