
Microsoft Visual Studio Solution File, Format Version 12.00
# Visual Studio Version 17
VisualStudioVersion = 17.6.33723.286
MinimumVisualStudioVersion = 10.0.40219.1
Project("{FAE04EC0-301F-11D3-BF4B-00C04F79EFBC}") = "Bai 4.1 ASP MVC", "Bai 4.1 ASP MVC\Bai 4.1 ASP MVC.csproj", "{298CA367-EC13-4DD3-BC5A-277877E2CA65}"
EndProject
Global
	GlobalSection(SolutionConfigurationPlatforms) = preSolution
		Debug|Any CPU = Debug|Any CPU
		Release|Any CPU = Release|Any CPU
	EndGlobalSection
	GlobalSection(ProjectConfigurationPlatforms) = postSolution
		{298CA367-EC13-4DD3-BC5A-277877E2CA65}.Debug|Any CPU.ActiveCfg = Debug|Any CPU
		{298CA367-EC13-4DD3-BC5A-277877E2CA65}.Debug|Any CPU.Build.0 = Debug|Any CPU
		{298CA367-EC13-4DD3-BC5A-277877E2CA65}.Release|Any CPU.ActiveCfg = Release|Any CPU
		{298CA367-EC13-4DD3-BC5A-277877E2CA65}.Release|Any CPU.Build.0 = Release|Any CPU
	EndGlobalSection
	GlobalSection(SolutionProperties) = preSolution
		HideSolutionNode = FALSE
	EndGlobalSection
	GlobalSection(ExtensibilityGlobals) = postSolution
		SolutionGuid = {BFFA95E8-06AC-43C2-892E-F11562384A9E}
	EndGlobalSection
EndGlobal
